github.com/PavelMenshikov/hw_otus/hw15_go_sql v0.0.0-20250327154858-ebe1daf9f63e h1:RELO5BpSU87dgO31GIYynCUOipQyvW8l3a3fCZsFCfo=
github.com/PavelMenshikov/hw_otus/hw15_go_sql v0.0.0-20250327154858-ebe1daf9f63e/go.mod h1:Bi3IvQWeIRRJ6iY95PEd0414HEQfrq6oZ759BfKsIyE=
github.com/lib/pq v1.10.9 h1:YXG7RB+JIjhP29X+OtkiDnYaXQwpS4JEWq7dtCCRUEw=
github.com/lib/pq v1.10.9/go.mod h1:AlVN5x4E4T544tWzH6hKfbfQvm3HdbOxrmggDNAPY9o=
